
Microsoft Visual Studio Solution File, Format Version 12.00
# Visual Studio Version 17
VisualStudioVersion = 17.7.34018.315
MinimumVisualStudioVersion = 10.0.40219.1
Project("{FAE04EC0-301F-11D3-BF4B-00C04F79EFBC}") = "WinFormsApp3", "WinFormsApp3\WinFormsApp3.csproj", "{DEA19F26-CF41-4CA5-88F9-265C9D622EED}"
EndProject
Global
	GlobalSection(SolutionConfigurationPlatforms) = preSolution
		Debug|Any CPU = Debug|Any CPU
		Release|Any CPU = Release|Any CPU
	EndGlobalSection
	GlobalSection(ProjectConfigurationPlatforms) = postSolution
		{DEA19F26-CF41-4CA5-88F9-265C9D622EED}.Debug|Any CPU.ActiveCfg = Debug|Any CPU
		{DEA19F26-CF41-4CA5-88F9-265C9D622EED}.Debug|Any CPU.Build.0 = Debug|Any CPU
		{DEA19F26-CF41-4CA5-88F9-265C9D622EED}.Release|Any CPU.ActiveCfg = Release|Any CPU
		{DEA19F26-CF41-4CA5-88F9-265C9D622EED}.Release|Any CPU.Build.0 = Release|Any CPU
	EndGlobalSection
	GlobalSection(SolutionProperties) = preSolution
		HideSolutionNode = FALSE
	EndGlobalSection
	GlobalSection(ExtensibilityGlobals) = postSolution
		SolutionGuid = {85D4BB9D-CB70-492A-817A-8D50C7BD3370}
	EndGlobalSection
EndGlobal
